
Microsoft Visual Studio Solution File, Format Version 11.00
# Visual Web Developer Express 2010
Project("{FAE04EC0-301F-11D3-BF4B-00C04F79EFBC}") = "BowlingGame", "BowlingGame\BowlingGame.csproj", "{DAFCF49B-9F17-4F1B-B133-760A96862C32}"
EndProject
Project("{FAE04EC0-301F-11D3-BF4B-00C04F79EFBC}") = "StringReplacer", "StringReplacer\StringReplacer.csproj", "{8C18F552-BA96-468F-B0D6-811315857596}"
EndProject
Global
	GlobalSection(SolutionConfigurationPlatforms) = preSolution
		Debug|Any CPU = Debug|Any CPU
		Release|Any CPU = Release|Any CPU
	EndGlobalSection
	GlobalSection(ProjectConfigurationPlatforms) = postSolution
		{DAFCF49B-9F17-4F1B-B133-760A96862C32}.Debug|Any CPU.ActiveCfg = Debug|Any CPU
		{DAFCF49B-9F17-4F1B-B133-760A96862C32}.Debug|Any CPU.Build.0 = Debug|Any CPU
		{DAFCF49B-9F17-4F1B-B133-760A96862C32}.Release|Any CPU.ActiveCfg = Release|Any CPU
		{DAFCF49B-9F17-4F1B-B133-760A96862C32}.Release|Any CPU.Build.0 = Release|Any CPU
		{8C18F552-BA96-468F-B0D6-811315857596}.Debug|Any CPU.ActiveCfg = Debug|Any CPU
		{8C18F552-BA96-468F-B0D6-811315857596}.Debug|Any CPU.Build.0 = Debug|Any CPU
		{8C18F552-BA96-468F-B0D6-811315857596}.Release|Any CPU.ActiveCfg = Release|Any CPU
		{8C18F552-BA96-468F-B0D6-811315857596}.Release|Any CPU.Build.0 = Release|Any CPU
	EndGlobalSection
	GlobalSection(SolutionProperties) = preSolution
		HideSolutionNode = FALSE
	EndGlobalSection
EndGlobal
